{
  "name": "library_books",
  "lockfileVersion": 3,
  "requires": true,
  "packages": {
    "": {
      "dependencies": {
        "date-fns": "^3.6.0",
        "franc-min": "^6.2.0",
        "langs": "^2.0.0",
        "react-truncate": "^2.4.0"
      }
    },
    "node_modules/collapse-white-space": {
      "version": "2.1.0",
      "resolved": "https://registry.npmjs.org/collapse-white-space/-/collapse-white-space-2.1.0.tgz",
      "integrity": "sha512-loKTxY1zCOuG4j9f6EPnuyyYkf58RnhhWTvRoZEokgB+WbdXehfjFviyOVYkqzEWz1Q5kRiZdBYS5SwxbQYwzw==",
      "funding": {
        "type": "github",
        "url": "https://github.com/sponsors/wooorm"
      }
    },
    "node_modules/date-fns": {
      "version": "3.6.0",
      "resolved": "https://registry.npmjs.org/date-fns/-/date-fns-3.6.0.tgz",
      "integrity": "sha512-fRHTG8g/Gif+kSh50gaGEdToemgfj74aRX3swtiouboip5JDLAyDE9F11nHMIcvOaXeOC6D7SpNhi7uFyB7Uww==",
      "funding": {
        "type": "github",
        "url": "https://github.com/sponsors/kossnocorp"
      }
    },
    "node_modules/franc-min": {
      "version": "6.2.0",
      "resolved": "https://registry.npmjs.org/franc-min/-/franc-min-6.2.0.tgz",
      "integrity": "sha512-1uDIEUSlUZgvJa2AKYR/dmJC66v/PvGQ9mWfI9nOr/kPpMFyvswK0gPXOwpYJYiYD008PpHLkGfG58SPjQJFxw==",
      "dependencies": {
        "trigram-utils": "^2.0.0"
      },
      "funding": {
        "type": "github",
        "url": "https://github.com/sponsors/wooorm"
      }
    },
    "node_modules/js-tokens": {
      "version": "4.0.0",
      "resolved": "https://registry.npmjs.org/js-tokens/-/js-tokens-4.0.0.tgz",
      "integrity": "sha512-RdJUflcE3cUzKiMqQgsCu06FPu9UdIJO0beYbPhHN4k6apgJtifcoCtT9bcxOpYBtpD2kCM6Sbzg4CausW/PKQ==",
      "peer": true
    },
    "node_modules/langs": {
      "version": "2.0.0",
      "resolved": "https://registry.npmjs.org/langs/-/langs-2.0.0.tgz",
      "integrity": "sha512-v4pxOBEQVN1WBTfB1crhTtxzNLZU9HPWgadlwzWKISJtt6Ku/CnpBrwVy+jFv8StjxsPfwPFzO0CMwdZLJ0/BA=="
    },
    "node_modules/loose-envify": {
      "version": "1.4.0",
      "resolved": "https://registry.npmjs.org/loose-envify/-/loose-envify-1.4.0.tgz",
      "integrity": "sha512-lyuxPGr/Wfhrlem2CL/UcnUc1zcqKAImBDzukY7Y5F/yQiNdko6+fRLevlw1HgMySw7f611UIY408EtxRSoK3Q==",
      "peer": true,
      "dependencies": {
        "js-tokens": "^3.0.0 || ^4.0.0"
      },
      "bin": {
        "loose-envify": "cli.js"
      }
    },
    "node_modules/n-gram": {
      "version": "2.0.2",
      "resolved": "https://registry.npmjs.org/n-gram/-/n-gram-2.0.2.tgz",
      "integrity": "sha512-S24aGsn+HLBxUGVAUFOwGpKs7LBcG4RudKU//eWzt/mQ97/NMKQxDWHyHx63UNWk/OOdihgmzoETn1tf5nQDzQ==",
      "funding": {
        "type": "github",
        "url": "https://github.com/sponsors/wooorm"
      }
    },
    "node_modules/object-assign": {
      "version": "4.1.1",
      "resolved": "https://registry.npmjs.org/object-assign/-/object-assign-4.1.1.tgz",
      "integrity": "sha512-rJgTQnkUnH1sFw8yT6VSU3zD3sWmu6sZhIseY8VX+GRu3P6F7Fu+JNDoXfklElbLJSnc3FUQHVe4cU5hj+BcUg==",
      "peer": true,
      "engines": {
        "node": ">=0.10.0"
      }
    },
    "node_modules/prop-types": {
      "version": "15.8.1",
      "resolved": "https://registry.npmjs.org/prop-types/-/prop-types-15.8.1.tgz",
      "integrity": "sha512-oj87CgZICdulUohogVAR7AjlC0327U4el4L6eAvOqCeudMDVU0NThNaV+b9Df4dXgSP1gXMTnPdhfe/2qDH5cg==",
      "peer": true,
      "dependencies": {
        "loose-envify": "^1.4.0",
        "object-assign": "^4.1.1",
        "react-is": "^16.13.1"
      }
    },
    "node_modules/react": {
      "version": "16.14.0",
      "resolved": "https://registry.npmjs.org/react/-/react-16.14.0.tgz",
      "integrity": "sha512-0X2CImDkJGApiAlcf0ODKIneSwBPhqJawOa5wCtKbu7ZECrmS26NvtSILynQ66cgkT/RJ4LidJOc3bUESwmU8g==",
      "peer": true,
      "dependencies": {
        "loose-envify": "^1.1.0",
        "object-assign": "^4.1.1",
        "prop-types": "^15.6.2"
      },
      "engines": {
        "node": ">=0.10.0"
      }
    },
    "node_modules/react-is": {
      "version": "16.13.1",
      "resolved": "https://registry.npmjs.org/react-is/-/react-is-16.13.1.tgz",
      "integrity": "sha512-24e6ynE2H+OKt4kqsOvNd8kBpV65zoxbA4BVsEOB3ARVWQki/DHzaUoC5KuON/BiccDaCCTZBuOcfZs70kR8bQ==",
      "peer": true
    },
    "node_modules/react-truncate": {
      "version": "2.4.0",
      "resolved": "https://registry.npmjs.org/react-truncate/-/react-truncate-2.4.0.tgz",
      "integrity": "sha512-3QW11/COYwi6iPUaunUhl06DW5NJBJD1WkmxW5YxqqUu6kvP+msB3jfoLg8WRbu57JqgebjVW8Lknw6T5/QZdA==",
      "peerDependencies": {
        "prop-types": "<= 15.x.x",
        "react": "<= 16.x.x"
      }
    },
    "node_modules/trigram-utils": {
      "version": "2.0.1",
      "resolved": "https://registry.npmjs.org/trigram-utils/-/trigram-utils-2.0.1.tgz",
      "integrity": "sha512-nfWIXHEaB+HdyslAfMxSqWKDdmqY9I32jS7GnqpdWQnLH89r6A5sdk3fDVYqGAZ0CrT8ovAFSAo6HRiWcWNIGQ==",
      "dependencies": {
        "collapse-white-space": "^2.0.0",
        "n-gram": "^2.0.0"
      },
      "funding": {
        "type": "github",
        "url": "https://github.com/sponsors/wooorm"
      }
    }
  }
}
